// !$*UTF8*$!
{
	archiveVersion = 1;
	classes = {
	};
	objectVersion = 50;
	objects = {

/* Begin PBXBuildFile section */
		38F6A44D2469E91300326BFD /* AppDelegate.swift in Sources */ = {isa = PBXBuildFile; fileRef = 38F6A44C2469E91300326BFD /* AppDelegate.swift */; };
		38F6A44F2469E91300326BFD /* ViewController.swift in Sources */ = {isa = PBXBuildFile; fileRef = 38F6A44E2469E91300326BFD /* ViewController.swift */; };
		38F6A4522469E91300326BFD /* Main.storyboard in Resources */ = {isa = PBXBuildFile; fileRef = 38F6A4502469E91300326BFD /* Main.storyboard */; };
		38F6A4542469E91600326BFD /* Assets.xcassets in Resources */ = {isa = PBXBuildFile; fileRef = 38F6A4532469E91600326BFD /* Assets.xcassets */; };
		38F6A4572469E91600326BFD /* LaunchScreen.storyboard in Resources */ = {isa = PBXBuildFile; fileRef = 38F6A4552469E91600326BFD /* LaunchScreen.storyboard */; };
		38F6A4622469E91600326BFD /* HackerNewsColegiumTests.swift in Sources */ = {isa = PBXBuildFile; fileRef = 38F6A4612469E91600326BFD /* HackerNewsColegiumTests.swift */; };
/* End PBXBuildFile section */

/* Begin PBXContainerItemProxy section */
		38F6A45E2469E91600326BFD /* PBXContainerItemProxy */ = {
			isa = PBXContainerItemProxy;
			containerPortal = 38F6A4412469E91300326BFD /* Project object */;
			proxyType = 1;
			remoteGlobalIDString = 38F6A4482469E91300326BFD;
			remoteInfo = HackerNewsColegium;
		};
/* End PBXContainerItemProxy section */

/* Begin PBXFileReference section */
		38F6A4492469E91300326BFD /* HackerNewsColegium.app */ = {isa = PBXFileReference; explicitFileType = wrapper.application; includeInIndex = 0; path = HackerNewsColegium.app; sourceTree = BUILT_PRODUCTS_DIR; };
		38F6A44C2469E91300326BFD /* AppDelegate.swift */ = {isa = PBXFileReference; lastKnownFileType = sourcecode.swift; path = AppDelegate.swift; sourceTree = "<group>"; };
		38F6A44E2469E91300326BFD /* ViewController.swift */ = {isa = PBXFileReference; lastKnownFileType = sourcecode.swift; path = ViewController.swift; sourceTree = "<group>"; };
		38F6A4512469E91300326BFD /* Base */ = {isa = PBXFileReference; lastKnownFileType = file.storyboard; name = Base; path = Base.lproj/Main.storyboard; sourceTree = "<group>"; };
		38F6A4532469E91600326BFD /* Assets.xcassets */ = {isa = PBXFileReference; lastKnownFileType = folder.assetcatalog; path = Assets.xcassets; sourceTree = "<group>"; };
		38F6A4562469E91600326BFD /* Base */ = {isa = PBXFileReference; lastKnownFileType = file.storyboard; name = Base; path = Base.lproj/LaunchScreen.storyboard; sourceTree = "<group>"; };
		38F6A4582469E91600326BFD /* Info.plist */ = {isa = PBXFileReference; lastKnownFileType = text.plist.xml; path = Info.plist; sourceTree = "<group>"; };
		38F6A45D2469E91600326BFD /* HackerNewsColegiumTests.xctest */ = {isa = PBXFileReference; explicitFileType = wrapper.cfbundle; includeInIndex = 0; path = HackerNewsColegiumTests.xctest; sourceTree = BUILT_PRODUCTS_DIR; };
		38F6A4612469E91600326BFD /* HackerNewsColegiumTests.swift */ = {isa = PBXFileReference; lastKnownFileType = sourcecode.swift; path = HackerNewsColegiumTests.swift; sourceTree = "<group>"; };
		38F6A4632469E91600326BFD /* Info.plist */ = {isa = PBXFileReference; lastKnownFileType = text.plist.xml; path = Info.plist; sourceTree = "<group>"; };
/* End PBXFileReference section */

/* Begin PBXFrameworksBuildPhase section */
		38F6A4462469E91300326BFD /* Frameworks */ = {
			isa = PBXFrameworksBuildPhase;
			buildActionMask = 2147483647;
			files = (
			);
			runOnlyForDeploymentPostprocessing = 0;
		};
		38F6A45A2469E91600326BFD /* Frameworks */ = {
			isa = PBXFrameworksBuildPhase;
			buildActionMask = 2147483647;
			files = (
			);
			runOnlyForDeploymentPostprocessing = 0;
		};
/* End PBXFrameworksBuildPhase section */

/* Begin PBXGroup section */
		38F6A4402469E91300326BFD = {
			isa = PBXGroup;
			children = (
				38F6A44B2469E91300326BFD /* HackerNewsColegium */,
				38F6A4602469E91600326BFD /* HackerNewsColegiumTests */,
				38F6A44A2469E91300326BFD /* Products */,
			);
			sourceTree = "<group>";
		};
		38F6A44A2469E91300326BFD /* Products */ = {
			isa = PBXGroup;
			children = (
				38F6A4492469E91300326BFD /* HackerNewsColegium.app */,
				38F6A45D2469E91600326BFD /* HackerNewsColegiumTests.xctest */,
			);
			name = Products;
			sourceTree = "<group>";
		};
		38F6A44B2469E91300326BFD /* HackerNewsColegium */ = {
			isa = PBXGroup;
			children = (
				38F6A44C2469E91300326BFD /* AppDelegate.swift */,
				38F6A44E2469E91300326BFD /* ViewController.swift */,
				38F6A4502469E91300326BFD /* Main.storyboard */,
				38F6A4532469E91600326BFD /* Assets.xcassets */,
				38F6A4552469E91600326BFD /* LaunchScreen.storyboard */,
				38F6A4582469E91600326BFD /* Info.plist */,
			);
			path = HackerNewsColegium;
			sourceTree = "<group>";
		};
		38F6A4602469E91600326BFD /* HackerNewsColegiumTests */ = {
			isa = PBXGroup;
			children = (
				38F6A4612469E91600326BFD /* HackerNewsColegiumTests.swift */,
				38F6A4632469E91600326BFD /* Info.plist */,
			);
			path = HackerNewsColegiumTests;
			sourceTree = "<group>";
		};
/* End PBXGroup section */

/* Begin PBXNativeTarget section */
		38F6A4482469E91300326BFD /* HackerNewsColegium */ = {
			isa = PBXNativeTarget;
			buildConfigurationList = 38F6A4662469E91600326BFD /* Build configuration list for PBXNativeTarget "HackerNewsColegium" */;
			buildPhases = (
				38F6A4452469E91300326BFD /* Sources */,
				38F6A4462469E91300326BFD /* Frameworks */,
				38F6A4472469E91300326BFD /* Resources */,
			);
			buildRules = (
			);
			dependencies = (
			);
			name = HackerNewsColegium;
			productName = HackerNewsColegium;
			productReference = 38F6A4492469E91300326BFD /* HackerNewsColegium.app */;
			productType = "com.apple.product-type.application";
		};
		38F6A45C2469E91600326BFD /* HackerNewsColegiumTests */ = {
			isa = PBXNativeTarget;
			buildConfigurationList = 38F6A4692469E91600326BFD /* Build configuration list for PBXNativeTarget "HackerNewsColegiumTests" */;
			buildPhases = (
				38F6A4592469E91600326BFD /* Sources */,
				38F6A45A2469E91600326BFD /* Frameworks */,
				38F6A45B2469E91600326BFD /* Resources */,
			);
			buildRules = (
			);
			dependencies = (
				38F6A45F2469E91600326BFD /* PBXTargetDependency */,
			);
			name = HackerNewsColegiumTests;
			productName = HackerNewsColegiumTests;
			productReference = 38F6A45D2469E91600326BFD /* HackerNewsColegiumTests.xctest */;
			productType = "com.apple.product-type.bundle.unit-test";
		};
/* End PBXNativeTarget section */

/* Begin PBXProject section */
		38F6A4412469E91300326BFD /* Project object */ = {
			isa = PBXProject;
			attributes = {
				LastSwiftUpdateCheck = 1010;
				LastUpgradeCheck = 1010;
				ORGANIZATIONNAME = "Jorge Luis Rivera Ladino";
				TargetAttributes = {
					38F6A4482469E91300326BFD = {
						CreatedOnToolsVersion = 10.1;
					};
					38F6A45C2469E91600326BFD = {
						CreatedOnToolsVersion = 10.1;
						TestTargetID = 38F6A4482469E91300326BFD;
					};
				};
			};
			buildConfigurationList = 38F6A4442469E91300326BFD /* Build configuration list for PBXProject "HackerNewsColegium" */;
			compatibilityVersion = "Xcode 9.3";
			developmentRegion = en;
			hasScannedForEncodings = 0;
			knownRegions = (
				en,
				Base,
			);
			mainGroup = 38F6A4402469E91300326BFD;
			productRefGroup = 38F6A44A2469E91300326BFD /* Products */;
			projectDirPath = "";
			projectRoot = "";
			targets = (
				38F6A4482469E91300326BFD /* HackerNewsColegium */,
				38F6A45C2469E91600326BFD /* HackerNewsColegiumTests */,
			);
		};
/* End PBXProject section */

/* Begin PBXResourcesBuildPhase section */
		38F6A4472469E91300326BFD /* Resources */ = {
			isa = PBXResourcesBuildPhase;
			buildActionMask = 2147483647;
			files = (
				38F6A4572469E91600326BFD /* LaunchScreen.storyboard in Resources */,
				38F6A4542469E91600326BFD /* Assets.xcassets in Resources */,
				38F6A4522469E91300326BFD /* Main.storyboard in Resources */,
			);
			runOnlyForDeploymentPostprocessing = 0;
		};
		38F6A45B2469E91600326BFD /* Resources */ = {
			isa = PBXResourcesBuildPhase;
			buildActionMask = 2147483647;
			files = (
			);
			runOnlyForDeploymentPostprocessing = 0;
		};
/* End PBXResourcesBuildPhase section */

/* Begin PBXSourcesBuildPhase section */
		38F6A4452469E91300326BFD /* Sources */ = {
			isa = PBXSourcesBuildPhase;
			buildActionMask = 2147483647;
			files = (
				38F6A44F2469E91300326BFD /* ViewController.swift in Sources */,
				38F6A44D2469E91300326BFD /* AppDelegate.swift in Sources */,
			);
			runOnlyForDeploymentPostprocessing = 0;
		};
		38F6A4592469E91600326BFD /* Sources */ = {
			isa = PBXSourcesBuildPhase;
			buildActionMask = 2147483647;
			files = (
				38F6A4622469E91600326BFD /* HackerNewsColegiumTests.swift in Sources */,
			);
			runOnlyForDeploymentPostprocessing = 0;
		};
/* End PBXSourcesBuildPhase section */

/* Begin PBXTargetDependency section */
		38F6A45F2469E91600326BFD /* PBXTargetDependency */ = {
			isa = PBXTargetDependency;
			target = 38F6A4482469E91300326BFD /* HackerNewsColegium */;
			targetProxy = 38F6A45E2469E91600326BFD /* PBXContainerItemProxy */;
		};
/* End PBXTargetDependency section */

/* Begin PBXVariantGroup section */
		38F6A4502469E91300326BFD /* Main.storyboard */ = {
			isa = PBXVariantGroup;
			children = (
				38F6A4512469E91300326BFD /* Base */,
			);
			name = Main.storyboard;
			sourceTree = "<group>";
		};
		38F6A4552469E91600326BFD /* LaunchScreen.storyboard */ = {
			isa = PBXVariantGroup;
			children = (
				38F6A4562469E91600326BFD /* Base */,
			);
			name = LaunchScreen.storyboard;
			sourceTree = "<group>";
		};
/* End PBXVariantGroup section */

/* Begin XCBuildConfiguration section */
		38F6A4642469E91600326BFD /* Debug */ = {
			isa = XCBuildConfiguration;
			buildSettings = {
				ALWAYS_SEARCH_USER_PATHS = NO;
				CLANG_ANALYZER_NONNULL = YES;
				CLANG_ANALYZER_NUMBER_OBJECT_CONVERSION = YES_AGGRESSIVE;
				CLANG_CXX_LANGUAGE_STANDARD = "gnu++14";
				CLANG_CXX_LIBRARY = "libc++";
				CLANG_ENABLE_MODULES = YES;
				CLANG_ENABLE_OBJC_ARC = YES;
				CLANG_ENABLE_OBJC_WEAK = YES;
				CLANG_WARN_BLOCK_CAPTURE_AUTORELEASING = YES;
				CLANG_WARN_BOOL_CONVERSION = YES;
				CLANG_WARN_COMMA = YES;
				CLANG_WARN_CONSTANT_CONVERSION = YES;
				CLANG_WARN_DEPRECATED_OBJC_IMPLEMENTATIONS = YES;
				CLANG_WARN_DIRECT_OBJC_ISA_USAGE = YES_ERROR;
				CLANG_WARN_DOCUMENTATION_COMMENTS = YES;
				CLANG_WARN_EMPTY_BODY = YES;
				CLANG_WARN_ENUM_CONVERSION = YES;
				CLANG_WARN_INFINITE_RECURSION = YES;
				CLANG_WARN_INT_CONVERSION = YES;
				CLANG_WARN_NON_LITERAL_NULL_CONVERSION = YES;
				CLANG_WARN_OBJC_IMPLICIT_RETAIN_SELF = YES;
				CLANG_WARN_OBJC_LITERAL_CONVERSION = YES;
				CLANG_WARN_OBJC_ROOT_CLASS = YES_ERROR;
				CLANG_WARN_RANGE_LOOP_ANALYSIS = YES;
				CLANG_WARN_STRICT_PROTOTYPES = YES;
				CLANG_WARN_SUSPICIOUS_MOVE = YES;
				CLANG_WARN_UNGUARDED_AVAILABILITY = YES_AGGRESSIVE;
				CLANG_WARN_UNREACHABLE_CODE = YES;
				CLANG_WARN__DUPLICATE_METHOD_MATCH = YES;
				CODE_SIGN_IDENTITY = "iPhone Developer";
				COPY_PHASE_STRIP = NO;
				DEBUG_INFORMATION_FORMAT = dwarf;
				ENABLE_STRICT_OBJC_MSGSEND = YES;
				ENABLE_TESTABILITY = YES;
				GCC_C_LANGUAGE_STANDARD = gnu11;
				GCC_DYNAMIC_NO_PIC = NO;
				GCC_NO_COMMON_BLOCKS = YES;
				GCC_OPTIMIZATION_LEVEL = 0;
				GCC_PREPROCESSOR_DEFINITIONS = (
					"DEBUG=1",
					"$(inherited)",
				);
				GCC_WARN_64_TO_32_BIT_CONVERSION = YES;
				GCC_WARN_ABOUT_RETURN_TYPE = YES_ERROR;
				GCC_WARN_UNDECLARED_SELECTOR = YES;
				GCC_WARN_UNINITIALIZED_AUTOS = YES_AGGRESSIVE;
				GCC_WARN_UNUSED_FUNCTION = YES;
				GCC_WARN_UNUSED_VARIABLE = YES;
				IPHONEOS_DEPLOYMENT_TARGET = 12.1;
				MTL_ENABLE_DEBUG_INFO = INCLUDE_SOURCE;
				MTL_FAST_MATH = YES;
				ONLY_ACTIVE_ARCH = YES;
				SDKROOT = iphoneos;
				SWIFT_ACTIVE_COMPILATION_CONDITIONS = DEBUG;
				SWIFT_OPTIMIZATION_LEVEL = "-Onone";
			};
			name = Debug;
		};
		38F6A4652469E91600326BFD /* Release */ = {
			isa = XCBuildConfiguration;
			buildSettings = {
				ALWAYS_SEARCH_USER_PATHS = NO;
				CLANG_ANALYZER_NONNULL = YES;
				CLANG_ANALYZER_NUMBER_OBJECT_CONVERSION = YES_AGGRESSIVE;
				CLANG_CXX_LANGUAGE_STANDARD = "gnu++14";
				CLANG_CXX_LIBRARY = "libc++";
				CLANG_ENABLE_MODULES = YES;
				CLANG_ENABLE_OBJC_ARC = YES;
				CLANG_ENABLE_OBJC_WEAK = YES;
				CLANG_WARN_BLOCK_CAPTURE_AUTORELEASING = YES;
				CLANG_WARN_BOOL_CONVERSION = YES;
				CLANG_WARN_COMMA = YES;
				CLANG_WARN_CONSTANT_CONVERSION = YES;
				CLANG_WARN_DEPRECATED_OBJC_IMPLEMENTATIONS = YES;
				CLANG_WARN_DIRECT_OBJC_ISA_USAGE = YES_ERROR;
				CLANG_WARN_DOCUMENTATION_COMMENTS = YES;
				CLANG_WARN_EMPTY_BODY = YES;
				CLANG_WARN_ENUM_CONVERSION = YES;
				CLANG_WARN_INFINITE_RECURSION = YES;
				CLANG_WARN_INT_CONVERSION = YES;
				CLANG_WARN_NON_LITERAL_NULL_CONVERSION = YES;
				CLANG_WARN_OBJC_IMPLICIT_RETAIN_SELF = YES;
				CLANG_WARN_OBJC_LITERAL_CONVERSION = YES;
				CLANG_WARN_OBJC_ROOT_CLASS = YES_ERROR;
				CLANG_WARN_RANGE_LOOP_ANALYSIS = YES;
				CLANG_WARN_STRICT_PROTOTYPES = YES;
				CLANG_WARN_SUSPICIOUS_MOVE = YES;
				CLANG_WARN_UNGUARDED_AVAILABILITY = YES_AGGRESSIVE;
				CLANG_WARN_UNREACHABLE_CODE = YES;
				CLANG_WARN__DUPLICATE_METHOD_MATCH = YES;
				CODE_SIGN_IDENTITY = "iPhone Developer";
				COPY_PHASE_STRIP = NO;
				DEBUG_INFORMATION_FORMAT = "dwarf-with-dsym";
				ENABLE_NS_ASSERTIONS = NO;
				ENABLE_STRICT_OBJC_MSGSEND = YES;
				GCC_C_LANGUAGE_STANDARD = gnu11;
				GCC_NO_COMMON_BLOCKS = YES;
				GCC_WARN_64_TO_32_BIT_CONVERSION = YES;
				GCC_WARN_ABOUT_RETURN_TYPE = YES_ERROR;
				GCC_WARN_UNDECLARED_SELECTOR = YES;
				GCC_WARN_UNINITIALIZED_AUTOS = YES_AGGRESSIVE;
				GCC_WARN_UNUSED_FUNCTION = YES;
				GCC_WARN_UNUSED_VARIABLE = YES;
				IPHONEOS_DEPLOYMENT_TARGET = 12.1;
				MTL_ENABLE_DEBUG_INFO = NO;
				MTL_FAST_MATH = YES;
				SDKROOT = iphoneos;
				SWIFT_COMPILATION_MODE = wholemodule;
				SWIFT_OPTIMIZATION_LEVEL = "-O";
				VALIDATE_PRODUCT = YES;
			};
			name = Release;
		};
		38F6A4672469E91600326BFD /* Debug */ = {
			isa = XCBuildConfiguration;
			buildSettings = {
				ASSETCATALOG_COMPILER_APPICON_NAME = AppIcon;
				CODE_SIGN_STYLE = Automatic;
				INFOPLIST_FILE = HackerNewsColegium/Info.plist;
				LD_RUNPATH_SEARCH_PATHS = (
					"$(inherited)",
					"@executable_path/Frameworks",
				);
				PRODUCT_BUNDLE_IDENTIFIER = siul.HackerNewsColegium;
				PRODUCT_NAME = "$(TARGET_NAME)";
				SWIFT_VERSION = 4.2;
				TARGETED_DEVICE_FAMILY = "1,2";
			};
			name = Debug;
		};
		38F6A4682469E91600326BFD /* Release */ = {
			isa = XCBuildConfiguration;
			buildSettings = {
				ASSETCATALOG_COMPILER_APPICON_NAME = AppIcon;
				CODE_SIGN_STYLE = Automatic;
				INFOPLIST_FILE = HackerNewsColegium/Info.plist;
				LD_RUNPATH_SEARCH_PATHS = (
					"$(inherited)",
					"@executable_path/Frameworks",
				);
				PRODUCT_BUNDLE_IDENTIFIER = siul.HackerNewsColegium;
				PRODUCT_NAME = "$(TARGET_NAME)";
				SWIFT_VERSION = 4.2;
				TARGETED_DEVICE_FAMILY = "1,2";
			};
			name = Release;
		};
		38F6A46A2469E91600326BFD /* Debug */ = {
			isa = XCBuildConfiguration;
			buildSettings = {
				ALWAYS_EMBED_SWIFT_STANDARD_LIBRARIES = YES;
				BUNDLE_LOADER = "$(TEST_HOST)";
				CODE_SIGN_STYLE = Automatic;
				INFOPLIST_FILE = HackerNewsColegiumTests/Info.plist;
				LD_RUNPATH_SEARCH_PATHS = (
					"$(inherited)",
					"@executable_path/Frameworks",
					"@loader_path/Frameworks",
				);
				PRODUCT_BUNDLE_IDENTIFIER = siul.HackerNewsColegiumTests;
				PRODUCT_NAME = "$(TARGET_NAME)";
				SWIFT_VERSION = 4.2;
				TARGETED_DEVICE_FAMILY = "1,2";
				TEST_HOST = "$(BUILT_PRODUCTS_DIR)/HackerNewsColegium.app/HackerNewsColegium";
			};
			name = Debug;
		};
		38F6A46B2469E91600326BFD /* Release */ = {
			isa = XCBuildConfiguration;
			buildSettings = {
				ALWAYS_EMBED_SWIFT_STANDARD_LIBRARIES = YES;
				BUNDLE_LOADER = "$(TEST_HOST)";
				CODE_SIGN_STYLE = Automatic;
				INFOPLIST_FILE = HackerNewsColegiumTests/Info.plist;
				LD_RUNPATH_SEARCH_PATHS = (
					"$(inherited)",
					"@executable_path/Frameworks",
					"@loader_path/Frameworks",
				);
				PRODUCT_BUNDLE_IDENTIFIER = siul.HackerNewsColegiumTests;
				PRODUCT_NAME = "$(TARGET_NAME)";
				SWIFT_VERSION = 4.2;
				TARGETED_DEVICE_FAMILY = "1,2";
				TEST_HOST = "$(BUILT_PRODUCTS_DIR)/HackerNewsColegium.app/HackerNewsColegium";
			};
			name = Release;
		};
/* End XCBuildConfiguration section */

/* Begin XCConfigurationList section */
		38F6A4442469E91300326BFD /* Build configuration list for PBXProject "HackerNewsColegium" */ = {
			isa = XCConfigurationList;
			buildConfigurations = (
				38F6A4642469E91600326BFD /* Debug */,
				38F6A4652469E91600326BFD /* Release */,
			);
			defaultConfigurationIsVisible = 0;
			defaultConfigurationName = Release;
		};
		38F6A4662469E91600326BFD /* Build configuration list for PBXNativeTarget "HackerNewsColegium" */ = {
			isa = XCConfigurationList;
			buildConfigurations = (
				38F6A4672469E91600326BFD /* Debug */,
				38F6A4682469E91600326BFD /* Release */,
			);
			defaultConfigurationIsVisible = 0;
			defaultConfigurationName = Release;
		};
		38F6A4692469E91600326BFD /* Build configuration list for PBXNativeTarget "HackerNewsColegiumTests" */ = {
			isa = XCConfigurationList;
			buildConfigurations = (
				38F6A46A2469E91600326BFD /* Debug */,
				38F6A46B2469E91600326BFD /* Release */,
			);
			defaultConfigurationIsVisible = 0;
			defaultConfigurationName = Release;
		};
/* End XCConfigurationList section */
	};
	rootObject = 38F6A4412469E91300326BFD /* Project object */;
}
